
Microsoft Visual Studio Solution File, Format Version 12.00
# Visual Studio 14
VisualStudioVersion = 14.0.24720.0
MinimumVisualStudioVersion = 10.0.40219.1
Project("{FAE04EC0-301F-11D3-BF4B-00C04F79EFBC}") = "ProofOfConceptNesh", "ProofOfConceptNesh\ProofOfConceptNesh.csproj", "{7925EF3F-3522-4032-B2B9-AF5870C6C4CF}"
EndProject
Project("{8BC9CEB8-8B4A-11D0-8D11-00A0C91BC942}") = "Microsoft.Maker.Serial", "..\..\serial-wiring\Microsoft.Maker.Serial.win10\Microsoft.Maker.Serial.vcxproj", "{8376216C-282A-4927-B9EF-C2D545FE0BCA}"
EndProject
Project("{8BC9CEB8-8B4A-11D0-8D11-00A0C91BC942}") = "Microsoft.Maker.Firmata", "..\..\remote-wiring\Microsoft.Maker.win10\Microsoft.Maker.Firmata\Microsoft.Maker.Firmata.vcxproj", "{F0A53BC9-C617-47DD-8B68-F91E3502D633}"
EndProject
Project("{8BC9CEB8-8B4A-11D0-8D11-00A0C91BC942}") = "Microsoft.Maker.RemoteWiring", "..\..\remote-wiring\Microsoft.Maker.win10\Microsoft.Maker.RemoteWiring\Microsoft.Maker.RemoteWiring.vcxproj", "{5A8B1BB1-7CD5-47C4-A1F7-D7BCF5FACAD1}"
EndProject
Project("{FAE04EC0-301F-11D3-BF4B-00C04F79EFBC}") = "ReadDeviceToCloudMessages", "ReadDeviceToCloudMessages\ReadDeviceToCloudMessages.csproj", "{0C1B320C-93AA-426D-83EA-463D4031CAC7}"
EndProject
Project("{2150E333-8FDC-42A3-9474-1A3956D46DE8}") = "ArduinoSketches", "ArduinoSketches", "{7DBCC90E-BF8C-444E-808A-0AEA72F01154}"
	ProjectSection(SolutionItems) = preProject
		PIRSketch.ino = PIRSketch.ino
	EndProjectSection
EndProject
Project("{2150E333-8FDC-42A3-9474-1A3956D46DE8}") = "StandardFirmataWiFi", "StandardFirmataWiFi", "{F55729CC-A14E-4BC3-ACBB-6D9A01F4F0BE}"
	ProjectSection(SolutionItems) = preProject
		Sketches\StandardFirmataWiFi\StandardFirmataWiFi.ino = Sketches\StandardFirmataWiFi\StandardFirmataWiFi.ino
		Sketches\StandardFirmataWiFi\wifiConfig.h = Sketches\StandardFirmataWiFi\wifiConfig.h
	EndProjectSection
EndProject
Project("{FAE04EC0-301F-11D3-BF4B-00C04F79EFBC}") = "ProcessDeviceToCloudMessages", "ProcessDeviceToCloudMessages\ProcessDeviceToCloudMessages.csproj", "{2ECCFD88-D36F-497F-8E05-AFFB7998C6D4}"
EndProject
Project("{FAE04EC0-301F-11D3-BF4B-00C04F79EFBC}") = "ProcessD2CInteractiveMessages", "ProcessD2CInteractiveMessages\ProcessD2CInteractiveMessages.csproj", "{32D9EB3E-1B6B-4B5B-A556-709EF84B5C45}"
EndProject
Global
	GlobalSection(SolutionConfigurationPlatforms) = preSolution
		Debug|Any CPU = Debug|Any CPU
		Debug|ARM = Debug|ARM
		Debug|x64 = Debug|x64
		Debug|x86 = Debug|x86
		Release|Any CPU = Release|Any CPU
		Release|ARM = Release|ARM
		Release|x64 = Release|x64
		Release|x86 = Release|x86
	EndGlobalSection
	GlobalSection(ProjectConfigurationPlatforms) = postSolution
		{7925EF3F-3522-4032-B2B9-AF5870C6C4CF}.Debug|Any CPU.ActiveCfg = Debug|x86
		{7925EF3F-3522-4032-B2B9-AF5870C6C4CF}.Debug|ARM.ActiveCfg = Debug|ARM
		{7925EF3F-3522-4032-B2B9-AF5870C6C4CF}.Debug|ARM.Build.0 = Debug|ARM
		{7925EF3F-3522-4032-B2B9-AF5870C6C4CF}.Debug|ARM.Deploy.0 = Debug|ARM
		{7925EF3F-3522-4032-B2B9-AF5870C6C4CF}.Debug|x64.ActiveCfg = Debug|x64
		{7925EF3F-3522-4032-B2B9-AF5870C6C4CF}.Debug|x64.Build.0 = Debug|x64
		{7925EF3F-3522-4032-B2B9-AF5870C6C4CF}.Debug|x64.Deploy.0 = Debug|x64
		{7925EF3F-3522-4032-B2B9-AF5870C6C4CF}.Debug|x86.ActiveCfg = Debug|x86
		{7925EF3F-3522-4032-B2B9-AF5870C6C4CF}.Debug|x86.Build.0 = Debug|x86
		{7925EF3F-3522-4032-B2B9-AF5870C6C4CF}.Debug|x86.Deploy.0 = Debug|x86
		{7925EF3F-3522-4032-B2B9-AF5870C6C4CF}.Release|Any CPU.ActiveCfg = Release|x86
		{7925EF3F-3522-4032-B2B9-AF5870C6C4CF}.Release|ARM.ActiveCfg = Release|ARM
		{7925EF3F-3522-4032-B2B9-AF5870C6C4CF}.Release|ARM.Build.0 = Release|ARM
		{7925EF3F-3522-4032-B2B9-AF5870C6C4CF}.Release|ARM.Deploy.0 = Release|ARM
		{7925EF3F-3522-4032-B2B9-AF5870C6C4CF}.Release|x64.ActiveCfg = Release|x64
		{7925EF3F-3522-4032-B2B9-AF5870C6C4CF}.Release|x64.Build.0 = Release|x64
		{7925EF3F-3522-4032-B2B9-AF5870C6C4CF}.Release|x64.Deploy.0 = Release|x64
		{7925EF3F-3522-4032-B2B9-AF5870C6C4CF}.Release|x86.ActiveCfg = Release|x86
		{7925EF3F-3522-4032-B2B9-AF5870C6C4CF}.Release|x86.Build.0 = Release|x86
		{7925EF3F-3522-4032-B2B9-AF5870C6C4CF}.Release|x86.Deploy.0 = Release|x86
		{8376216C-282A-4927-B9EF-C2D545FE0BCA}.Debug|Any CPU.ActiveCfg = Debug|Win32
		{8376216C-282A-4927-B9EF-C2D545FE0BCA}.Debug|ARM.ActiveCfg = Debug|ARM
		{8376216C-282A-4927-B9EF-C2D545FE0BCA}.Debug|ARM.Build.0 = Debug|ARM
		{8376216C-282A-4927-B9EF-C2D545FE0BCA}.Debug|x64.ActiveCfg = Debug|x64
		{8376216C-282A-4927-B9EF-C2D545FE0BCA}.Debug|x64.Build.0 = Debug|x64
		{8376216C-282A-4927-B9EF-C2D545FE0BCA}.Debug|x86.ActiveCfg = Debug|Win32
		{8376216C-282A-4927-B9EF-C2D545FE0BCA}.Debug|x86.Build.0 = Debug|Win32
		{8376216C-282A-4927-B9EF-C2D545FE0BCA}.Release|Any CPU.ActiveCfg = Release|Win32
		{8376216C-282A-4927-B9EF-C2D545FE0BCA}.Release|ARM.ActiveCfg = Release|ARM
		{8376216C-282A-4927-B9EF-C2D545FE0BCA}.Release|ARM.Build.0 = Release|ARM
		{8376216C-282A-4927-B9EF-C2D545FE0BCA}.Release|x64.ActiveCfg = Release|x64
		{8376216C-282A-4927-B9EF-C2D545FE0BCA}.Release|x64.Build.0 = Release|x64
		{8376216C-282A-4927-B9EF-C2D545FE0BCA}.Release|x86.ActiveCfg = Release|Win32
		{8376216C-282A-4927-B9EF-C2D545FE0BCA}.Release|x86.Build.0 = Release|Win32
		{F0A53BC9-C617-47DD-8B68-F91E3502D633}.Debug|Any CPU.ActiveCfg = Debug|Win32
		{F0A53BC9-C617-47DD-8B68-F91E3502D633}.Debug|ARM.ActiveCfg = Debug|ARM
		{F0A53BC9-C617-47DD-8B68-F91E3502D633}.Debug|ARM.Build.0 = Debug|ARM
		{F0A53BC9-C617-47DD-8B68-F91E3502D633}.Debug|x64.ActiveCfg = Debug|x64
		{F0A53BC9-C617-47DD-8B68-F91E3502D633}.Debug|x64.Build.0 = Debug|x64
		{F0A53BC9-C617-47DD-8B68-F91E3502D633}.Debug|x86.ActiveCfg = Debug|Win32
		{F0A53BC9-C617-47DD-8B68-F91E3502D633}.Debug|x86.Build.0 = Debug|Win32
		{F0A53BC9-C617-47DD-8B68-F91E3502D633}.Release|Any CPU.ActiveCfg = Release|Win32
		{F0A53BC9-C617-47DD-8B68-F91E3502D633}.Release|ARM.ActiveCfg = Release|ARM
		{F0A53BC9-C617-47DD-8B68-F91E3502D633}.Release|ARM.Build.0 = Release|ARM
		{F0A53BC9-C617-47DD-8B68-F91E3502D633}.Release|x64.ActiveCfg = Release|x64
		{F0A53BC9-C617-47DD-8B68-F91E3502D633}.Release|x64.Build.0 = Release|x64
		{F0A53BC9-C617-47DD-8B68-F91E3502D633}.Release|x86.ActiveCfg = Release|Win32
		{F0A53BC9-C617-47DD-8B68-F91E3502D633}.Release|x86.Build.0 = Release|Win32
		{5A8B1BB1-7CD5-47C4-A1F7-D7BCF5FACAD1}.Debug|Any CPU.ActiveCfg = Debug|Win32
		{5A8B1BB1-7CD5-47C4-A1F7-D7BCF5FACAD1}.Debug|ARM.ActiveCfg = Debug|ARM
		{5A8B1BB1-7CD5-47C4-A1F7-D7BCF5FACAD1}.Debug|ARM.Build.0 = Debug|ARM
		{5A8B1BB1-7CD5-47C4-A1F7-D7BCF5FACAD1}.Debug|x64.ActiveCfg = Debug|x64
		{5A8B1BB1-7CD5-47C4-A1F7-D7BCF5FACAD1}.Debug|x64.Build.0 = Debug|x64
		{5A8B1BB1-7CD5-47C4-A1F7-D7BCF5FACAD1}.Debug|x86.ActiveCfg = Debug|Win32
		{5A8B1BB1-7CD5-47C4-A1F7-D7BCF5FACAD1}.Debug|x86.Build.0 = Debug|Win32
		{5A8B1BB1-7CD5-47C4-A1F7-D7BCF5FACAD1}.Release|Any CPU.ActiveCfg = Release|Win32
		{5A8B1BB1-7CD5-47C4-A1F7-D7BCF5FACAD1}.Release|ARM.ActiveCfg = Release|ARM
		{5A8B1BB1-7CD5-47C4-A1F7-D7BCF5FACAD1}.Release|ARM.Build.0 = Release|ARM
		{5A8B1BB1-7CD5-47C4-A1F7-D7BCF5FACAD1}.Release|x64.ActiveCfg = Release|x64
		{5A8B1BB1-7CD5-47C4-A1F7-D7BCF5FACAD1}.Release|x64.Build.0 = Release|x64
		{5A8B1BB1-7CD5-47C4-A1F7-D7BCF5FACAD1}.Release|x86.ActiveCfg = Release|Win32
		{5A8B1BB1-7CD5-47C4-A1F7-D7BCF5FACAD1}.Release|x86.Build.0 = Release|Win32
		{0C1B320C-93AA-426D-83EA-463D4031CAC7}.Debug|Any CPU.ActiveCfg = Debug|Any CPU
		{0C1B320C-93AA-426D-83EA-463D4031CAC7}.Debug|Any CPU.Build.0 = Debug|Any CPU
		{0C1B320C-93AA-426D-83EA-463D4031CAC7}.Debug|ARM.ActiveCfg = Debug|Any CPU
		{0C1B320C-93AA-426D-83EA-463D4031CAC7}.Debug|ARM.Build.0 = Debug|Any CPU
		{0C1B320C-93AA-426D-83EA-463D4031CAC7}.Debug|x64.ActiveCfg = Debug|Any CPU
		{0C1B320C-93AA-426D-83EA-463D4031CAC7}.Debug|x64.Build.0 = Debug|Any CPU
		{0C1B320C-93AA-426D-83EA-463D4031CAC7}.Debug|x86.ActiveCfg = Debug|Any CPU
		{0C1B320C-93AA-426D-83EA-463D4031CAC7}.Debug|x86.Build.0 = Debug|Any CPU
		{0C1B320C-93AA-426D-83EA-463D4031CAC7}.Release|Any CPU.ActiveCfg = Release|Any CPU
		{0C1B320C-93AA-426D-83EA-463D4031CAC7}.Release|Any CPU.Build.0 = Release|Any CPU
		{0C1B320C-93AA-426D-83EA-463D4031CAC7}.Release|ARM.ActiveCfg = Release|Any CPU
		{0C1B320C-93AA-426D-83EA-463D4031CAC7}.Release|ARM.Build.0 = Release|Any CPU
		{0C1B320C-93AA-426D-83EA-463D4031CAC7}.Release|x64.ActiveCfg = Release|Any CPU
		{0C1B320C-93AA-426D-83EA-463D4031CAC7}.Release|x64.Build.0 = Release|Any CPU
		{0C1B320C-93AA-426D-83EA-463D4031CAC7}.Release|x86.ActiveCfg = Release|Any CPU
		{0C1B320C-93AA-426D-83EA-463D4031CAC7}.Release|x86.Build.0 = Release|Any CPU
		{2ECCFD88-D36F-497F-8E05-AFFB7998C6D4}.Debug|Any CPU.ActiveCfg = Debug|Any CPU
		{2ECCFD88-D36F-497F-8E05-AFFB7998C6D4}.Debug|Any CPU.Build.0 = Debug|Any CPU
		{2ECCFD88-D36F-497F-8E05-AFFB7998C6D4}.Debug|ARM.ActiveCfg = Debug|Any CPU
		{2ECCFD88-D36F-497F-8E05-AFFB7998C6D4}.Debug|ARM.Build.0 = Debug|Any CPU
		{2ECCFD88-D36F-497F-8E05-AFFB7998C6D4}.Debug|x64.ActiveCfg = Debug|Any CPU
		{2ECCFD88-D36F-497F-8E05-AFFB7998C6D4}.Debug|x64.Build.0 = Debug|Any CPU
		{2ECCFD88-D36F-497F-8E05-AFFB7998C6D4}.Debug|x86.ActiveCfg = Debug|Any CPU
		{2ECCFD88-D36F-497F-8E05-AFFB7998C6D4}.Debug|x86.Build.0 = Debug|Any CPU
		{2ECCFD88-D36F-497F-8E05-AFFB7998C6D4}.Release|Any CPU.ActiveCfg = Release|Any CPU
		{2ECCFD88-D36F-497F-8E05-AFFB7998C6D4}.Release|Any CPU.Build.0 = Release|Any CPU
		{2ECCFD88-D36F-497F-8E05-AFFB7998C6D4}.Release|ARM.ActiveCfg = Release|Any CPU
		{2ECCFD88-D36F-497F-8E05-AFFB7998C6D4}.Release|ARM.Build.0 = Release|Any CPU
		{2ECCFD88-D36F-497F-8E05-AFFB7998C6D4}.Release|x64.ActiveCfg = Release|Any CPU
		{2ECCFD88-D36F-497F-8E05-AFFB7998C6D4}.Release|x64.Build.0 = Release|Any CPU
		{2ECCFD88-D36F-497F-8E05-AFFB7998C6D4}.Release|x86.ActiveCfg = Release|Any CPU
		{2ECCFD88-D36F-497F-8E05-AFFB7998C6D4}.Release|x86.Build.0 = Release|Any CPU
		{32D9EB3E-1B6B-4B5B-A556-709EF84B5C45}.Debug|Any CPU.ActiveCfg = Debug|Any CPU
		{32D9EB3E-1B6B-4B5B-A556-709EF84B5C45}.Debug|Any CPU.Build.0 = Debug|Any CPU
		{32D9EB3E-1B6B-4B5B-A556-709EF84B5C45}.Debug|ARM.ActiveCfg = Debug|Any CPU
		{32D9EB3E-1B6B-4B5B-A556-709EF84B5C45}.Debug|ARM.Build.0 = Debug|Any CPU
		{32D9EB3E-1B6B-4B5B-A556-709EF84B5C45}.Debug|x64.ActiveCfg = Debug|Any CPU
		{32D9EB3E-1B6B-4B5B-A556-709EF84B5C45}.Debug|x64.Build.0 = Debug|Any CPU
		{32D9EB3E-1B6B-4B5B-A556-709EF84B5C45}.Debug|x86.ActiveCfg = Debug|Any CPU
		{32D9EB3E-1B6B-4B5B-A556-709EF84B5C45}.Debug|x86.Build.0 = Debug|Any CPU
		{32D9EB3E-1B6B-4B5B-A556-709EF84B5C45}.Release|Any CPU.ActiveCfg = Release|Any CPU
		{32D9EB3E-1B6B-4B5B-A556-709EF84B5C45}.Release|Any CPU.Build.0 = Release|Any CPU
		{32D9EB3E-1B6B-4B5B-A556-709EF84B5C45}.Release|ARM.ActiveCfg = Release|Any CPU
		{32D9EB3E-1B6B-4B5B-A556-709EF84B5C45}.Release|ARM.Build.0 = Release|Any CPU
		{32D9EB3E-1B6B-4B5B-A556-709EF84B5C45}.Release|x64.ActiveCfg = Release|Any CPU
		{32D9EB3E-1B6B-4B5B-A556-709EF84B5C45}.Release|x64.Build.0 = Release|Any CPU
		{32D9EB3E-1B6B-4B5B-A556-709EF84B5C45}.Release|x86.ActiveCfg = Release|Any CPU
		{32D9EB3E-1B6B-4B5B-A556-709EF84B5C45}.Release|x86.Build.0 = Release|Any CPU
	EndGlobalSection
	GlobalSection(SolutionProperties) = preSolution
		HideSolutionNode = FALSE
	EndGlobalSection
	GlobalSection(NestedProjects) = preSolution
		{F55729CC-A14E-4BC3-ACBB-6D9A01F4F0BE} = {7DBCC90E-BF8C-444E-808A-0AEA72F01154}
	EndGlobalSection
EndGlobal
